{
  "version": 4,
  "terraform_version": "1.12.2",
  "serial": 124,
  "lineage": "14f5a80d-ce6f-d4f6-32e9-46c8f10e2a87",
  "outputs": {
    "app_info": {
      "value": {
        "access_command": "kubectl port-forward -n task-management svc/task-api 8080:8000",
        "docs_url": "http://localhost:8080/docs",
        "image": "torpeda808/devops-platform-app:latest",
        "namespace": "task-management",
        "replicas": 3,
        "url": "http://localhost:8080"
      },
      "type": [
        "object",
        {
          "access_command": "string",
          "docs_url": "string",
          "image": "string",
          "namespace": "string",
          "replicas": "number",
          "url": "string"
        }
      ]
    },
    "argocd_info": {
      "value": {
        "access_command": "kubectl port-forward -n argocd svc/argocd-server 8090:443",
        "namespace": "argocd",
        "password_command": "kubectl -n argocd get secret argocd-initial-admin-secret -o jsonpath='{.data.password}' | base64 -d",
        "url": "https://localhost:8090"
      },
      "type": [
        "object",
        {
          "access_command": "string",
          "namespace": "string",
          "password_command": "string",
          "url": "string"
        }
      ]
    },
    "gitops_info": {
      "value": {
        "repo_url": "https://github.com/dxczek/devops-platform-gitops.git",
        "target_revision": "main"
      },
      "type": [
        "object",
        {
          "repo_url": "string",
          "target_revision": "string"
        }
      ]
    },
    "monitoring_info": {
      "value": {
        "grafana": {
          "access_command": "kubectl port-forward -n monitoring svc/kube-prometheus-grafana 3000:80",
          "password": "admin",
          "url": "http://localhost:3000",
          "username": "admin"
        },
        "namespace": "monitoring",
        "prometheus": {
          "access_command": "kubectl port-forward -n monitoring svc/kube-prometheus-kube-prome-prometheus 9090:9090",
          "url": "http://localhost:9090"
        }
      },
      "type": [
        "object",
        {
          "grafana": [
            "object",
            {
              "access_command": "string",
              "password": "string",
              "url": "string",
              "username": "string"
            }
          ],
          "namespace": "string",
          "prometheus": [
            "object",
            {
              "access_command": "string",
              "url": "string"
            }
          ]
        }
      ]
    },
    "next_steps": {
      "value": "\n=============================================================\nDEPLOYMENT COMPLETE!\n=============================================================\n\nRun these commands to access the platform:\n\n1. Get ArgoCD password:\n   kubectl -n argocd get secret argocd-initial-admin-secret -o jsonpath='{.data.password}' | base64 -d\n\n2. Access ArgoCD UI:\n   kubectl port-forward -n argocd svc/argocd-server 8090:443\n   -\u003e Open: https://localhost:8090\n\n3. Access Grafana:\n   kubectl port-forward -n monitoring svc/kube-prometheus-grafana 3000:80\n   -\u003e Open: http://localhost:3000 (admin/admin)\n\n4. Access Application:\n   kubectl port-forward -n task-management svc/task-api 8080:8000\n   -\u003e Open: http://localhost:8080/docs\n\nOr use the start script: .\\start-platform.ps1\n=============================================================\n",
      "type": "string"
    },
    "project_info": {
      "value": {
        "environment": "dev",
        "namespaces": {
          "app": "task-management",
          "argocd": "argocd",
          "monitoring": "monitoring"
        },
        "project_name": "devops-platform"
      },
      "type": [
        "object",
        {
          "environment": "string",
          "namespaces": [
            "object",
            {
              "app": "string",
              "argocd": "string",
              "monitoring": "string"
            }
          ],
          "project_name": "string"
        }
      ]
    }
  },
  "resources": [
    {
      "mode": "managed",
      "type": "helm_release",
      "name": "kube_prometheus",
      "provider": "provider[\"registry.terraform.io/hashicorp/helm\"]",
      "instances": [
        {
          "index_key": 0,
          "schema_version": 1,
          "attributes": {
            "atomic": false,
            "chart": "kube-prometheus-stack",
            "cleanup_on_fail": false,
            "create_namespace": false,
            "dependency_update": false,
            "description": null,
            "devel": null,
            "disable_crd_hooks": false,
            "disable_openapi_validation": false,
            "disable_webhooks": false,
            "force_update": false,
            "id": "kube-prometheus",
            "keyring": null,
            "lint": false,
            "manifest": null,
            "max_history": 0,
            "metadata": [
              {
                "app_version": "v0.77.1",
                "chart": "kube-prometheus-stack",
                "first_deployed": 1780006089,
                "last_deployed": 1780006089,
                "name": "kube-prometheus",
                "namespace": "monitoring",
                "notes": "1. Get your 'admin' user password by running:\n\n   kubectl get secret --namespace monitoring kube-prometheus-grafana -o jsonpath=\"{.data.admin-password}\" | base64 --decode ; echo\n\n\n2. The Grafana server can be accessed via port 80 on the following DNS name from within your cluster:\n\n   kube-prometheus-grafana.monitoring.svc.cluster.local\n\n   Get the Grafana URL to visit by running these commands in the same shell:\n     export NODE_PORT=$(kubectl get --namespace monitoring -o jsonpath=\"{.spec.ports[0].nodePort}\" services kube-prometheus-grafana)\n     export NODE_IP=$(kubectl get nodes --namespace monitoring -o jsonpath=\"{.items[0].status.addresses[0].address}\")\n     echo http://$NODE_IP:$NODE_PORT\n\n3. Login with the password from step 1 and the username: admin\n#################################################################################\n######   WARNING: Persistence is disabled!!! You will lose your data when   #####\n######            the Grafana pod is terminated.                            #####\n#################################################################################\n\n1. Get the application URL by running these commands:\n  export POD_NAME=$(kubectl get pods --namespace monitoring -l \"app.kubernetes.io/name=prometheus-node-exporter,app.kubernetes.io/instance=kube-prometheus\" -o jsonpath=\"{.items[0].metadata.name}\")\n  echo \"Visit http://127.0.0.1:9100 to use your application\"\n  kubectl port-forward --namespace monitoring $POD_NAME 9100\nkube-state-metrics is a simple service that listens to the Kubernetes API server and generates metrics about the state of the objects.\nThe exposed metrics can be found here:\nhttps://github.com/kubernetes/kube-state-metrics/blob/master/docs/README.md#exposed-metrics\n\nThe metrics are exported on the HTTP endpoint /metrics on the listening port.\nIn your case, kube-prometheus-kube-state-metrics.monitoring.svc.cluster.local:8080/metrics\n\nThey are served either as plaintext or protobuf depending on the Accept header.\nThey are designed to be consumed either by Prometheus itself or by a scraper that is compatible with scraping a Prometheus client endpoint.\n\nkube-prometheus-stack has been installed. Check its status by running:\n  kubectl --namespace monitoring get pods -l \"release=kube-prometheus\"\n\nVisit https://github.com/prometheus-operator/kube-prometheus for instructions on how to create \u0026 configure Alertmanager and Prometheus instances using the Operator.\n",
                "revision": 1,
                "values": "{\"alertmanager\":{\"alertmanagerSpec\":{\"resources\":{\"limits\":{\"cpu\":\"100m\",\"memory\":\"128Mi\"},\"requests\":{\"cpu\":\"25m\",\"memory\":\"64Mi\"}}},\"enabled\":true,\"service\":{\"nodePort\":30093,\"type\":\"NodePort\"}},\"grafana\":{\"adminPassword\":\"admin\",\"defaultDashboardsEnabled\":true,\"enabled\":true,\"resources\":{\"limits\":{\"cpu\":\"200m\",\"memory\":\"256Mi\"},\"requests\":{\"cpu\":\"50m\",\"memory\":\"128Mi\"}},\"service\":{\"nodePort\":30030,\"type\":\"NodePort\"}},\"kubeApiServer\":{\"enabled\":true},\"kubeControllerManager\":{\"enabled\":false},\"kubeEtcd\":{\"enabled\":false},\"kubeProxy\":{\"enabled\":false},\"kubeScheduler\":{\"enabled\":false},\"kubeStateMetrics\":{\"enabled\":true},\"kubelet\":{\"enabled\":true},\"nodeExporter\":{\"enabled\":true},\"prometheus\":{\"prometheusSpec\":{\"podMonitorSelectorNilUsesHelmValues\":false,\"resources\":{\"limits\":{\"cpu\":\"500m\",\"memory\":\"1Gi\"},\"requests\":{\"cpu\":\"100m\",\"memory\":\"256Mi\"}},\"retention\":\"7d\",\"serviceMonitorSelectorNilUsesHelmValues\":false},\"service\":{\"nodePort\":30090,\"type\":\"NodePort\"}},\"prometheusOperator\":{\"resources\":{\"limits\":{\"cpu\":\"200m\",\"memory\":\"256Mi\"},\"requests\":{\"cpu\":\"50m\",\"memory\":\"128Mi\"}}}}",
                "version": "65.0.0"
              }
            ],
            "name": "kube-prometheus",
            "namespace": "monitoring",
            "pass_credentials": false,
            "postrender": [],
            "recreate_pods": false,
            "render_subchart_notes": true,
            "replace": false,
            "repository": "https://prometheus-community.github.io/helm-charts",
            "repository_ca_file": null,
            "repository_cert_file": null,
            "repository_key_file": null,
            "repository_password": null,
            "repository_username": null,
            "reset_values": false,
            "reuse_values": false,
            "set": [],
            "set_list": [],
            "set_sensitive": [],
            "skip_crds": false,
            "status": "deployed",
            "timeout": 600,
            "upgrade_install": null,
            "values": [
              "\"alertmanager\":\n  \"alertmanagerSpec\":\n    \"resources\":\n      \"limits\":\n        \"cpu\": \"100m\"\n        \"memory\": \"128Mi\"\n      \"requests\":\n        \"cpu\": \"25m\"\n        \"memory\": \"64Mi\"\n  \"enabled\": true\n  \"service\":\n    \"nodePort\": 30093\n    \"type\": \"NodePort\"\n\"grafana\":\n  \"adminPassword\": \"admin\"\n  \"defaultDashboardsEnabled\": true\n  \"enabled\": true\n  \"resources\":\n    \"limits\":\n      \"cpu\": \"200m\"\n      \"memory\": \"256Mi\"\n    \"requests\":\n      \"cpu\": \"50m\"\n      \"memory\": \"128Mi\"\n  \"service\":\n    \"nodePort\": 30030\n    \"type\": \"NodePort\"\n\"kubeApiServer\":\n  \"enabled\": true\n\"kubeControllerManager\":\n  \"enabled\": false\n\"kubeEtcd\":\n  \"enabled\": false\n\"kubeProxy\":\n  \"enabled\": false\n\"kubeScheduler\":\n  \"enabled\": false\n\"kubeStateMetrics\":\n  \"enabled\": true\n\"kubelet\":\n  \"enabled\": true\n\"nodeExporter\":\n  \"enabled\": true\n\"prometheus\":\n  \"prometheusSpec\":\n    \"podMonitorSelectorNilUsesHelmValues\": false\n    \"resources\":\n      \"limits\":\n        \"cpu\": \"500m\"\n        \"memory\": \"1Gi\"\n      \"requests\":\n        \"cpu\": \"100m\"\n        \"memory\": \"256Mi\"\n    \"retention\": \"7d\"\n    \"serviceMonitorSelectorNilUsesHelmValues\": false\n  \"service\":\n    \"nodePort\": 30090\n    \"type\": \"NodePort\"\n\"prometheusOperator\":\n  \"resources\":\n    \"limits\":\n      \"cpu\": \"200m\"\n      \"memory\": \"256Mi\"\n    \"requests\":\n      \"cpu\": \"50m\"\n      \"memory\": \"128Mi\"\n"
            ],
            "verify": false,
            "version": "65.0.0",
            "wait": true,
            "wait_for_jobs": false
          },
          "sensitive_attributes": [
            [
              {
                "type": "get_attr",
                "value": "repository_password"
              }
            ]
          ],
          "identity_schema_version": 0,
          "private": "eyJzY2hlbWFfdmVyc2lvbiI6IjEifQ==",
          "dependencies": [
            "kubernetes_namespace.monitoring"
          ]
        }
      ]
    },
    {
      "mode": "managed",
      "type": "kubectl_manifest",
      "name": "argocd",
      "provider": "provider[\"registry.terraform.io/gavinbunney/kubectl\"]",
      "instances": [
        {
          "index_key": "52",
          "schema_version": 1,
          "attributes": {
            "api_version": "networking.k8s.io/v1",
            "apply_only": false,
            "force_conflicts": false,
            "force_new": false,
            "id": "/apis/networking.k8s.io/v1/namespaces/argocd/networkpolicys/argocd-application-controller-network-policy",
            "ignore_fields": null,
            "kind": "NetworkPolicy",
            "live_manifest_incluster": "27bf13841af285a5a66f6072aca8653746777de6a74adbd0146b67962054d48c",
            "live_uid": "a0c63a0c-da98-4261-b933-4ae20af80c82",
            "name": "argocd-application-controller-network-policy",
            "namespace": "argocd",
            "override_namespace": "argocd",
            "sensitive_fields": null,
            "server_side_apply": false,
            "timeouts": null,
            "uid": "a0c63a0c-da98-4261-b933-4ae20af80c82",
            "validate_schema": true,
            "wait": false,
            "wait_for_rollout": true,
            "yaml_body": "\napiVersion: networking.k8s.io/v1\nkind: NetworkPolicy\nmetadata:\n  labels:\n    app.kubernetes.io/component: application-controller\n    app.kubernetes.io/name: argocd-application-controller\n    app.kubernetes.io/part-of: argocd\n  name: argocd-application-controller-network-policy\nspec:\n  ingress:\n  - from:\n    - namespaceSelector: {}\n    ports:\n    - port: 8082\n  podSelector:\n    matchLabels:\n      app.kubernetes.io/name: argocd-application-controller\n  policyTypes:\n  - Ingress\n",
            "yaml_body_parsed": "apiVersion: networking.k8s.io/v1\nkind: NetworkPolicy\nmetadata:\n  labels:\n    app.kubernetes.io/component: application-controller\n    app.kubernetes.io/name: argocd-application-controller\n    app.kubernetes.io/part-of: argocd\n  name: argocd-application-controller-network-policy\n  namespace: argocd\nspec:\n  ingress:\n  - from:\n    - namespaceSelector: {}\n    ports:\n    - port: 8082\n  podSelector:\n    matchLabels:\n      app.kubernetes.io/name: argocd-application-controller\n  policyTypes:\n  - Ingress\n",
            "yaml_incluster": "27bf13841af285a5a66f6072aca8653746777de6a74adbd0146b67962054d48c"
          },
          "sensitive_attributes": [
            [
              {
                "type": "get_attr",
                "value": "live_manifest_incluster"
              }
            ],
            [
              {
                "type": "get_attr",
                "value": "yaml_body"
              }
            ],
            [
              {
                "type": "get_attr",
                "value": "yaml_incluster"
              }
            ]
          ],
          "identity_schema_version": 0,
          "private": "eyJlMmJmYjczMC1lY2FhLTExZTYtOGY4OC0zNDM2M2JjN2M0YzAiOnsiY3JlYXRlIjo2MDAwMDAwMDAwMDB9LCJzY2hlbWFfdmVyc2lvbiI6IjEifQ==",
          "dependencies": [
            "data.http.argocd_install",
            "kubernetes_namespace.argocd"
          ]
        },
        {
          "index_key": "53",
          "schema_version": 1,
          "attributes": {
            "api_version": "networking.k8s.io/v1",
            "apply_only": false,
            "force_conflicts": false,
            "force_new": false,
            "id": "/apis/networking.k8s.io/v1/namespaces/argocd/networkpolicys/argocd-applicationset-controller-network-policy",
            "ignore_fields": null,
            "kind": "NetworkPolicy",
            "live_manifest_incluster": "93cdd03d675f4de6efc5b659f12b495b1a9bd806b45ba7f9f4b968a614c95269",
            "live_uid": "e4a200f0-9f73-41ca-8fd5-f95b27bc5b49",
            "name": "argocd-applicationset-controller-network-policy",
            "namespace": "argocd",
            "override_namespace": "argocd",
            "sensitive_fields": null,
            "server_side_apply": false,
            "timeouts": null,
            "uid": "e4a200f0-9f73-41ca-8fd5-f95b27bc5b49",
            "validate_schema": true,
            "wait": false,
            "wait_for_rollout": true,
            "yaml_body": "\napiVersion: networking.k8s.io/v1\nkind: NetworkPolicy\nmetadata:\n  labels:\n    app.kubernetes.io/component: applicationset-controller\n    app.kubernetes.io/name: argocd-applicationset-controller\n    app.kubernetes.io/part-of: argocd\n  name: argocd-applicationset-controller-network-policy\nspec:\n  ingress:\n  - from:\n    - namespaceSelector: {}\n    ports:\n    - port: 7000\n      protocol: TCP\n    - port: 8080\n      protocol: TCP\n  podSelector:\n    matchLabels:\n      app.kubernetes.io/name: argocd-applicationset-controller\n  policyTypes:\n  - Ingress\n",
            "yaml_body_parsed": "apiVersion: networking.k8s.io/v1\nkind: NetworkPolicy\nmetadata:\n  labels:\n    app.kubernetes.io/component: applicationset-controller\n    app.kubernetes.io/name: argocd-applicationset-controller\n    app.kubernetes.io/part-of: argocd\n  name: argocd-applicationset-controller-network-policy\n  namespace: argocd\nspec:\n  ingress:\n  - from:\n    - namespaceSelector: {}\n    ports:\n    - port: 7000\n      protocol: TCP\n    - port: 8080\n      protocol: TCP\n  podSelector:\n    matchLabels:\n      app.kubernetes.io/name: argocd-applicationset-controller\n  policyTypes:\n  - Ingress\n",
            "yaml_incluster": "93cdd03d675f4de6efc5b659f12b495b1a9bd806b45ba7f9f4b968a614c95269"
          },
          "sensitive_attributes": [
            [
              {
                "type": "get_attr",
                "value": "live_manifest_incluster"
              }
            ],
            [
              {
                "type": "get_attr",
                "value": "yaml_body"
              }
            ],
            [
              {
                "type": "get_attr",
                "value": "yaml_incluster"
              }
            ]
          ],
          "identity_schema_version": 0,
          "private": "eyJlMmJmYjczMC1lY2FhLTExZTYtOGY4OC0zNDM2M2JjN2M0YzAiOnsiY3JlYXRlIjo2MDAwMDAwMDAwMDB9LCJzY2hlbWFfdmVyc2lvbiI6IjEifQ==",
          "dependencies": [
            "data.http.argocd_install",
            "kubernetes_namespace.argocd"
          ]
        },
        {
          "index_key": "54",
          "schema_version": 1,
          "attributes": {
            "api_version": "networking.k8s.io/v1",
            "apply_only": false,
            "force_conflicts": false,
            "force_new": false,
            "id": "/apis/networking.k8s.io/v1/namespaces/argocd/networkpolicys/argocd-dex-server-network-policy",
            "ignore_fields": null,
            "kind": "NetworkPolicy",
            "live_manifest_incluster": "144b917847837284ef3de2f4b7b09912062958fad99f2033707f04067fc4fa1a",
            "live_uid": "3992b522-03bf-442b-a08a-df615fc8b45b",
            "name": "argocd-dex-server-network-policy",
            "namespace": "argocd",
            "override_namespace": "argocd",
            "sensitive_fields": null,
            "server_side_apply": false,
            "timeouts": null,
            "uid": "3992b522-03bf-442b-a08a-df615fc8b45b",
            "validate_schema": true,
            "wait": false,
            "wait_for_rollout": true,
            "yaml_body": "\napiVersion: networking.k8s.io/v1\nkind: NetworkPolicy\nmetadata:\n  labels:\n    app.kubernetes.io/component: dex-server\n    app.kubernetes.io/name: argocd-dex-server\n    app.kubernetes.io/part-of: argocd\n  name: argocd-dex-server-network-policy\nspec:\n  ingress:\n  - from:\n    - podSelector:\n        matchLabels:\n          app.kubernetes.io/name: argocd-server\n    ports:\n    - port: 5556\n      protocol: TCP\n    - port: 5557\n      protocol: TCP\n  - from:\n    - namespaceSelector: {}\n    ports:\n    - port: 5558\n      protocol: TCP\n  podSelector:\n    matchLabels:\n      app.kubernetes.io/name: argocd-dex-server\n  policyTypes:\n  - Ingress\n",
            "yaml_body_parsed": "apiVersion: networking.k8s.io/v1\nkind: NetworkPolicy\nmetadata:\n  labels:\n    app.kubernetes.io/component: dex-server\n    app.kubernetes.io/name: argocd-dex-server\n    app.kubernetes.io/part-of: argocd\n  name: argocd-dex-server-network-policy\n  namespace: argocd\nspec:\n  ingress:\n  - from:\n    - podSelector:\n        matchLabels:\n          app.kubernetes.io/name: argocd-server\n    ports:\n    - port: 5556\n      protocol: TCP\n    - port: 5557\n      protocol: TCP\n  - from:\n    - namespaceSelector: {}\n    ports:\n    - port: 5558\n      protocol: TCP\n  podSelector:\n    matchLabels:\n      app.kubernetes.io/name: argocd-dex-server\n  policyTypes:\n  - Ingress\n",
            "yaml_incluster": "144b917847837284ef3de2f4b7b09912062958fad99f2033707f04067fc4fa1a"
          },
          "sensitive_attributes": [
            [
              {
                "type": "get_attr",
                "value": "live_manifest_incluster"
              }
            ],
            [
              {
                "type": "get_attr",
                "value": "yaml_body"
              }
            ],
            [
              {
                "type": "get_attr",
                "value": "yaml_incluster"
              }
            ]
          ],
          "identity_schema_version": 0,
          "private": "eyJlMmJmYjczMC1lY2FhLTExZTYtOGY4OC0zNDM2M2JjN2M0YzAiOnsiY3JlYXRlIjo2MDAwMDAwMDAwMDB9LCJzY2hlbWFfdmVyc2lvbiI6IjEifQ==",
          "dependencies": [
            "data.http.argocd_install",
            "kubernetes_namespace.argocd"
          ]
        },
        {
          "index_key": "55",
          "schema_version": 1,
          "attributes": {
            "api_version": "networking.k8s.io/v1",
            "apply_only": false,
            "force_conflicts": false,
            "force_new": false,
            "id": "/apis/networking.k8s.io/v1/namespaces/argocd/networkpolicys/argocd-notifications-controller-network-policy",
            "ignore_fields": null,
            "kind": "NetworkPolicy",
            "live_manifest_incluster": "8d552a9b488c718078cb5bbe59bade2cacca04d81c777f4a5e54271e88e1a2ce",
            "live_uid": "f35089e7-46bb-44b2-9121-982ff63a39e6",
            "name": "argocd-notifications-controller-network-policy",
            "namespace": "argocd",
            "override_namespace": "argocd",
            "sensitive_fields": null,
            "server_side_apply": false,
            "timeouts": null,
            "uid": "f35089e7-46bb-44b2-9121-982ff63a39e6",
            "validate_schema": true,
            "wait": false,
            "wait_for_rollout": true,
            "yaml_body": "\napiVersion: networking.k8s.io/v1\nkind: NetworkPolicy\nmetadata:\n  labels:\n    app.kubernetes.io/component: notifications-controller\n    app.kubernetes.io/name: argocd-notifications-controller\n    app.kubernetes.io/part-of: argocd\n  name: argocd-notifications-controller-network-policy\nspec:\n  ingress:\n  - from:\n    - namespaceSelector: {}\n    ports:\n    - port: 9001\n      protocol: TCP\n  podSelector:\n    matchLabels:\n      app.kubernetes.io/name: argocd-notifications-controller\n  policyTypes:\n  - Ingress\n",
            "yaml_body_parsed": "apiVersion: networking.k8s.io/v1\nkind: NetworkPolicy\nmetadata:\n  labels:\n    app.kubernetes.io/component: notifications-controller\n    app.kubernetes.io/name: argocd-notifications-controller\n    app.kubernetes.io/part-of: argocd\n  name: argocd-notifications-controller-network-policy\n  namespace: argocd\nspec:\n  ingress:\n  - from:\n    - namespaceSelector: {}\n    ports:\n    - port: 9001\n      protocol: TCP\n  podSelector:\n    matchLabels:\n      app.kubernetes.io/name: argocd-notifications-controller\n  policyTypes:\n  - Ingress\n",
            "yaml_incluster": "8d552a9b488c718078cb5bbe59bade2cacca04d81c777f4a5e54271e88e1a2ce"
          },
          "sensitive_attributes": [
            [
              {
                "type": "get_attr",
                "value": "live_manifest_incluster"
              }
            ],
            [
              {
                "type": "get_attr",
                "value": "yaml_body"
              }
            ],
            [
              {
                "type": "get_attr",
                "value": "yaml_incluster"
              }
            ]
          ],
          "identity_schema_version": 0,
          "private": "eyJlMmJmYjczMC1lY2FhLTExZTYtOGY4OC0zNDM2M2JjN2M0YzAiOnsiY3JlYXRlIjo2MDAwMDAwMDAwMDB9LCJzY2hlbWFfdmVyc2lvbiI6IjEifQ==",
          "dependencies": [
            "data.http.argocd_install",
            "kubernetes_namespace.argocd"
          ]
        },
        {
          "index_key": "56",
          "schema_version": 1,
          "attributes": {
            "api_version": "networking.k8s.io/v1",
            "apply_only": false,
            "force_conflicts": false,
            "force_new": false,
            "id": "/apis/networking.k8s.io/v1/namespaces/argocd/networkpolicys/argocd-redis-network-policy",
            "ignore_fields": null,
            "kind": "NetworkPolicy",
            "live_manifest_incluster": "5a1133a8b34aef3eb36780a43e87e52b6ca0d0424844ec9ca7374bad439546da",
            "live_uid": "303084f8-c477-435f-9cf3-9e0cc0392248",
            "name": "argocd-redis-network-policy",
            "namespace": "argocd",
            "override_namespace": "argocd",
            "sensitive_fields": null,
            "server_side_apply": false,
            "timeouts": null,
            "uid": "303084f8-c477-435f-9cf3-9e0cc0392248",
            "validate_schema": true,
            "wait": false,
            "wait_for_rollout": true,
            "yaml_body": "\napiVersion: networking.k8s.io/v1\nkind: NetworkPolicy\nmetadata:\n  labels:\n    app.kubernetes.io/component: redis\n    app.kubernetes.io/name: argocd-redis\n    app.kubernetes.io/part-of: argocd\n  name: argocd-redis-network-policy\nspec:\n  ingress:\n  - from:\n    - podSelector:\n        matchLabels:\n          app.kubernetes.io/name: argocd-server\n    - podSelector:\n        matchLabels:\n          app.kubernetes.io/name: argocd-repo-server\n    - podSelector:\n        matchLabels:\n          app.kubernetes.io/name: argocd-application-controller\n    ports:\n    - port: 6379\n      protocol: TCP\n  podSelector:\n    matchLabels:\n      app.kubernetes.io/name: argocd-redis\n  policyTypes:\n  - Ingress\n",
            "yaml_body_parsed": "apiVersion: networking.k8s.io/v1\nkind: NetworkPolicy\nmetadata:\n  labels:\n    app.kubernetes.io/component: redis\n    app.kubernetes.io/name: argocd-redis\n    app.kubernetes.io/part-of: argocd\n  name: argocd-redis-network-policy\n  namespace: argocd\nspec:\n  ingress:\n  - from:\n    - podSelector:\n        matchLabels:\n          app.kubernetes.io/name: argocd-server\n    - podSelector:\n        matchLabels:\n          app.kubernetes.io/name: argocd-repo-server\n    - podSelector:\n        matchLabels:\n          app.kubernetes.io/name: argocd-application-controller\n    ports:\n    - port: 6379\n      protocol: TCP\n  podSelector:\n    matchLabels:\n      app.kubernetes.io/name: argocd-redis\n  policyTypes:\n  - Ingress\n",
            "yaml_incluster": "5a1133a8b34aef3eb36780a43e87e52b6ca0d0424844ec9ca7374bad439546da"
          },
          "sensitive_attributes": [
            [
              {
                "type": "get_attr",
                "value": "live_manifest_incluster"
              }
            ],
            [
              {
                "type": "get_attr",
                "value": "yaml_body"
              }
            ],
            [
              {
                "type": "get_attr",
                "value": "yaml_incluster"
              }
            ]
          ],
          "identity_schema_version": 0,
          "private": "eyJlMmJmYjczMC1lY2FhLTExZTYtOGY4OC0zNDM2M2JjN2M0YzAiOnsiY3JlYXRlIjo2MDAwMDAwMDAwMDB9LCJzY2hlbWFfdmVyc2lvbiI6IjEifQ==",
          "dependencies": [
            "data.http.argocd_install",
            "kubernetes_namespace.argocd"
          ]
        },
        {
          "index_key": "57",
          "schema_version": 1,
          "attributes": {
            "api_version": "networking.k8s.io/v1",
            "apply_only": false,
            "force_conflicts": false,
            "force_new": false,
            "id": "/apis/networking.k8s.io/v1/namespaces/argocd/networkpolicys/argocd-repo-server-network-policy",
            "ignore_fields": null,
            "kind": "NetworkPolicy",
            "live_manifest_incluster": "398f990f8a2955f9c068cbf79d10b5549436c6185f3233352a8ee1ed6964fcec",
            "live_uid": "7d267e57-fd5e-4500-a388-534d8cb968f2",
            "name": "argocd-repo-server-network-policy",
            "namespace": "argocd",
            "override_namespace": "argocd",
            "sensitive_fields": null,
            "server_side_apply": false,
            "timeouts": null,
            "uid": "7d267e57-fd5e-4500-a388-534d8cb968f2",
            "validate_schema": true,
            "wait": false,
            "wait_for_rollout": true,
            "yaml_body": "\napiVersion: networking.k8s.io/v1\nkind: NetworkPolicy\nmetadata:\n  labels:\n    app.kubernetes.io/component: repo-server\n    app.kubernetes.io/name: argocd-repo-server\n    app.kubernetes.io/part-of: argocd\n  name: argocd-repo-server-network-policy\nspec:\n  ingress:\n  - from:\n    - podSelector:\n        matchLabels:\n          app.kubernetes.io/name: argocd-server\n    - podSelector:\n        matchLabels:\n          app.kubernetes.io/name: argocd-application-controller\n    - podSelector:\n        matchLabels:\n          app.kubernetes.io/name: argocd-notifications-controller\n    - podSelector:\n        matchLabels:\n          app.kubernetes.io/name: argocd-applicationset-controller\n    ports:\n    - port: 8081\n      protocol: TCP\n  - from:\n    - namespaceSelector: {}\n    ports:\n    - port: 8084\n  podSelector:\n    matchLabels:\n      app.kubernetes.io/name: argocd-repo-server\n  policyTypes:\n  - Ingress\n",
            "yaml_body_parsed": "apiVersion: networking.k8s.io/v1\nkind: NetworkPolicy\nmetadata:\n  labels:\n    app.kubernetes.io/component: repo-server\n    app.kubernetes.io/name: argocd-repo-server\n    app.kubernetes.io/part-of: argocd\n  name: argocd-repo-server-network-policy\n  namespace: argocd\nspec:\n  ingress:\n  - from:\n    - podSelector:\n        matchLabels:\n          app.kubernetes.io/name: argocd-server\n    - podSelector:\n        matchLabels:\n          app.kubernetes.io/name: argocd-application-controller\n    - podSelector:\n        matchLabels:\n          app.kubernetes.io/name: argocd-notifications-controller\n    - podSelector:\n        matchLabels:\n          app.kubernetes.io/name: argocd-applicationset-controller\n    ports:\n    - port: 8081\n      protocol: TCP\n  - from:\n    - namespaceSelector: {}\n    ports:\n    - port: 8084\n  podSelector:\n    matchLabels:\n      app.kubernetes.io/name: argocd-repo-server\n  policyTypes:\n  - Ingress\n",
            "yaml_incluster": "398f990f8a2955f9c068cbf79d10b5549436c6185f3233352a8ee1ed6964fcec"
          },
          "sensitive_attributes": [
            [
              {
                "type": "get_attr",
                "value": "live_manifest_incluster"
              }
            ],
            [
              {
                "type": "get_attr",
                "value": "yaml_body"
              }
            ],
            [
              {
                "type": "get_attr",
                "value": "yaml_incluster"
              }
            ]
          ],
          "identity_schema_version": 0,
          "private": "eyJlMmJmYjczMC1lY2FhLTExZTYtOGY4OC0zNDM2M2JjN2M0YzAiOnsiY3JlYXRlIjo2MDAwMDAwMDAwMDB9LCJzY2hlbWFfdmVyc2lvbiI6IjEifQ==",
          "dependencies": [
            "data.http.argocd_install",
            "kubernetes_namespace.argocd"
          ]
        },
        {
          "index_key": "58",
          "schema_version": 1,
          "attributes": {
            "api_version": "networking.k8s.io/v1",
            "apply_only": false,
            "force_conflicts": false,
            "force_new": false,
            "id": "/apis/networking.k8s.io/v1/namespaces/argocd/networkpolicys/argocd-server-network-policy",
            "ignore_fields": null,
            "kind": "NetworkPolicy",
            "live_manifest_incluster": "f9e641837925d9dde33a8f394760e4e03fa7a05455218896a76a09e9baed4f22",
            "live_uid": "84290530-6799-45aa-9f0c-248ce5e314f5",
            "name": "argocd-server-network-policy",
            "namespace": "argocd",
            "override_namespace": "argocd",
            "sensitive_fields": null,
            "server_side_apply": false,
            "timeouts": null,
            "uid": "84290530-6799-45aa-9f0c-248ce5e314f5",
            "validate_schema": true,
            "wait": false,
            "wait_for_rollout": true,
            "yaml_body": "\napiVersion: networking.k8s.io/v1\nkind: NetworkPolicy\nmetadata:\n  labels:\n    app.kubernetes.io/component: server\n    app.kubernetes.io/name: argocd-server\n    app.kubernetes.io/part-of: argocd\n  name: argocd-server-network-policy\nspec:\n  ingress:\n  - {}\n  podSelector:\n    matchLabels:\n      app.kubernetes.io/name: argocd-server\n  policyTypes:\n  - Ingress\n",
            "yaml_body_parsed": "apiVersion: networking.k8s.io/v1\nkind: NetworkPolicy\nmetadata:\n  labels:\n    app.kubernetes.io/component: server\n    app.kubernetes.io/name: argocd-server\n    app.kubernetes.io/part-of: argocd\n  name: argocd-server-network-policy\n  namespace: argocd\nspec:\n  ingress:\n  - {}\n  podSelector:\n    matchLabels:\n      app.kubernetes.io/name: argocd-server\n  policyTypes:\n  - Ingress\n",
            "yaml_incluster": "f9e641837925d9dde33a8f394760e4e03fa7a05455218896a76a09e9baed4f22"
          },
          "sensitive_attributes": [
            [
              {
                "type": "get_attr",
                "value": "live_manifest_incluster"
              }
            ],
            [
              {
                "type": "get_attr",
                "value": "yaml_body"
              }
            ],
            [
              {
                "type": "get_attr",
                "value": "yaml_incluster"
              }
            ]
          ],
          "identity_schema_version": 0,
          "private": "eyJlMmJmYjczMC1lY2FhLTExZTYtOGY4OC0zNDM2M2JjN2M0YzAiOnsiY3JlYXRlIjo2MDAwMDAwMDAwMDB9LCJzY2hlbWFfdmVyc2lvbiI6IjEifQ==",
          "dependencies": [
            "data.http.argocd_install",
            "kubernetes_namespace.argocd"
          ]
        },
        {
          "index_key": "6",
          "schema_version": 1,
          "attributes": {
            "api_version": "v1",
            "apply_only": false,
            "force_conflicts": false,
            "force_new": false,
            "id": "/api/v1/namespaces/argocd/serviceaccounts/argocd-notifications-controller",
            "ignore_fields": null,
            "kind": "ServiceAccount",
            "live_manifest_incluster": "a87967918aefa6384aef0f824a8d8c308fc7c366edd19db2a18805a7e0c980f7",
            "live_uid": "f34de67a-51a2-4280-b17c-25780ec973e1",
            "name": "argocd-notifications-controller",
            "namespace": "argocd",
            "override_namespace": "argocd",
            "sensitive_fields": null,
            "server_side_apply": false,
            "timeouts": null,
            "uid": "f34de67a-51a2-4280-b17c-25780ec973e1",
            "validate_schema": true,
            "wait": false,
            "wait_for_rollout": true,
            "yaml_body": "\napiVersion: v1\nkind: ServiceAccount\nmetadata:\n  labels:\n    app.kubernetes.io/component: notifications-controller\n    app.kubernetes.io/name: argocd-notifications-controller\n    app.kubernetes.io/part-of: argocd\n  name: argocd-notifications-controller\n",
            "yaml_body_parsed": "apiVersion: v1\nkind: ServiceAccount\nmetadata:\n  labels:\n    app.kubernetes.io/component: notifications-controller\n    app.kubernetes.io/name: argocd-notifications-controller\n    app.kubernetes.io/part-of: argocd\n  name: argocd-notifications-controller\n  namespace: argocd\n",
            "yaml_incluster": "a87967918aefa6384aef0f824a8d8c308fc7c366edd19db2a18805a7e0c980f7"
          },
          "sensitive_attributes": [
            [
              {
                "type": "get_attr",
                "value": "live_manifest_incluster"
              }
            ],
            [
              {
                "type": "get_attr",
                "value": "yaml_body"
              }
            ],
            [
              {
                "type": "get_attr",
                "value": "yaml_incluster"
              }
            ]
          ],
          "identity_schema_version": 0,
          "private": "eyJlMmJmYjczMC1lY2FhLTExZTYtOGY4OC0zNDM2M2JjN2M0YzAiOnsiY3JlYXRlIjo2MDAwMDAwMDAwMDB9LCJzY2hlbWFfdmVyc2lvbiI6IjEifQ==",
          "dependencies": [
            "data.http.argocd_install",
            "kubernetes_namespace.argocd"
          ]
        },
        {
          "index_key": "7",
          "schema_version": 1,
          "attributes": {
            "api_version": "v1",
            "apply_only": false,
            "force_conflicts": false,
            "force_new": false,
            "id": "/api/v1/namespaces/argocd/serviceaccounts/argocd-redis",
            "ignore_fields": null,
            "kind": "ServiceAccount",
            "live_manifest_incluster": "d8b6e5f6f514ff630f62cb2c59cfd062581d08037ddde1b0650eb90664234d1f",
            "live_uid": "4c81e751-0ee7-42fc-ac60-6f07545bcd60",
            "name": "argocd-redis",
            "namespace": "argocd",
            "override_namespace": "argocd",
            "sensitive_fields": null,
            "server_side_apply": false,
            "timeouts": null,
            "uid": "4c81e751-0ee7-42fc-ac60-6f07545bcd60",
            "validate_schema": true,
            "wait": false,
            "wait_for_rollout": true,
            "yaml_body": "\napiVersion: v1\nkind: ServiceAccount\nmetadata:\n  labels:\n    app.kubernetes.io/component: redis\n    app.kubernetes.io/name: argocd-redis\n    app.kubernetes.io/part-of: argocd\n  name: argocd-redis\n",
            "yaml_body_parsed": "apiVersion: v1\nkind: ServiceAccount\nmetadata:\n  labels:\n    app.kubernetes.io/component: redis\n    app.kubernetes.io/name: argocd-redis\n    app.kubernetes.io/part-of: argocd\n  name: argocd-redis\n  namespace: argocd\n",
            "yaml_incluster": "d8b6e5f6f514ff630f62cb2c59cfd062581d08037ddde1b0650eb90664234d1f"
          },
          "sensitive_attributes": [
            [
              {
                "type": "get_attr",
                "value": "live_manifest_incluster"
              }
            ],
            [
              {
                "type": "get_attr",
                "value": "yaml_body"
              }
            ],
            [
              {
                "type": "get_attr",
                "value": "yaml_incluster"
              }
            ]
          ],
          "identity_schema_version": 0,
          "private": "eyJlMmJmYjczMC1lY2FhLTExZTYtOGY4OC0zNDM2M2JjN2M0YzAiOnsiY3JlYXRlIjo2MDAwMDAwMDAwMDB9LCJzY2hlbWFfdmVyc2lvbiI6IjEifQ==",
          "dependencies": [
            "data.http.argocd_install",
            "kubernetes_namespace.argocd"
          ]
        },
        {
          "index_key": "8",
          "schema_version": 1,
          "attributes": {
            "api_version": "v1",
            "apply_only": false,
            "force_conflicts": false,
            "force_new": false,
            "id": "/api/v1/namespaces/argocd/serviceaccounts/argocd-repo-server",
            "ignore_fields": null,
            "kind": "ServiceAccount",
            "live_manifest_incluster": "32f0f2ea175f7620b0df10cfbeb88ff63729b776615f9b0f2100c5bdbcd08eeb",
            "live_uid": "f7bdfab8-cc79-494e-b4c2-24b9274892f6",
            "name": "argocd-repo-server",
            "namespace": "argocd",
            "override_namespace": "argocd",
            "sensitive_fields": null,
            "server_side_apply": false,
            "timeouts": null,
            "uid": "f7bdfab8-cc79-494e-b4c2-24b9274892f6",
            "validate_schema": true,
            "wait": false,
            "wait_for_rollout": true,
            "yaml_body": "\napiVersion: v1\nkind: ServiceAccount\nmetadata:\n  labels:\n    app.kubernetes.io/component: repo-server\n    app.kubernetes.io/name: argocd-repo-server\n    app.kubernetes.io/part-of: argocd\n  name: argocd-repo-server\n",
            "yaml_body_parsed": "apiVersion: v1\nkind: ServiceAccount\nmetadata:\n  labels:\n    app.kubernetes.io/component: repo-server\n    app.kubernetes.io/name: argocd-repo-server\n    app.kubernetes.io/part-of: argocd\n  name: argocd-repo-server\n  namespace: argocd\n",
            "yaml_incluster": "32f0f2ea175f7620b0df10cfbeb88ff63729b776615f9b0f2100c5bdbcd08eeb"
          },
          "sensitive_attributes": [
            [
              {
                "type": "get_attr",
                "value": "live_manifest_incluster"
              }
            ],
            [
              {
                "type": "get_attr",
                "value": "yaml_body"
              }
            ],
            [
              {
                "type": "get_attr",
                "value": "yaml_incluster"
              }
            ]
          ],
          "identity_schema_version": 0,
          "private": "eyJlMmJmYjczMC1lY2FhLTExZTYtOGY4OC0zNDM2M2JjN2M0YzAiOnsiY3JlYXRlIjo2MDAwMDAwMDAwMDB9LCJzY2hlbWFfdmVyc2lvbiI6IjEifQ==",
          "dependencies": [
            "data.http.argocd_install",
            "kubernetes_namespace.argocd"
          ]
        },
        {
          "index_key": "9",
          "schema_version": 1,
          "attributes": {
            "api_version": "v1",
            "apply_only": false,
            "force_conflicts": false,
            "force_new": false,
            "id": "/api/v1/namespaces/argocd/serviceaccounts/argocd-server",
            "ignore_fields": null,
            "kind": "ServiceAccount",
            "live_manifest_incluster": "c665159b3a8f9571cef8817e4b7d871fce58d52427a4396afbee659412c939ea",
            "live_uid": "6d54a3b2-1f22-4494-b4ee-8636c65b3b75",
            "name": "argocd-server",
            "namespace": "argocd",
            "override_namespace": "argocd",
            "sensitive_fields": null,
            "server_side_apply": false,
            "timeouts": null,
            "uid": "6d54a3b2-1f22-4494-b4ee-8636c65b3b75",
            "validate_schema": true,
            "wait": false,
            "wait_for_rollout": true,
            "yaml_body": "\napiVersion: v1\nkind: ServiceAccount\nmetadata:\n  labels:\n    app.kubernetes.io/component: server\n    app.kubernetes.io/name: argocd-server\n    app.kubernetes.io/part-of: argocd\n  name: argocd-server\n",
            "yaml_body_parsed": "apiVersion: v1\nkind: ServiceAccount\nmetadata:\n  labels:\n    app.kubernetes.io/component: server\n    app.kubernetes.io/name: argocd-server\n    app.kubernetes.io/part-of: argocd\n  name: argocd-server\n  namespace: argocd\n",
            "yaml_incluster": "c665159b3a8f9571cef8817e4b7d871fce58d52427a4396afbee659412c939ea"
          },
          "sensitive_attributes": [
            [
              {
                "type": "get_attr",
                "value": "live_manifest_incluster"
              }
            ],
            [
              {
                "type": "get_attr",
                "value": "yaml_body"
              }
            ],
            [
              {
                "type": "get_attr",
                "value": "yaml_incluster"
              }
            ]
          ],
          "identity_schema_version": 0,
          "private": "eyJlMmJmYjczMC1lY2FhLTExZTYtOGY4OC0zNDM2M2JjN2M0YzAiOnsiY3JlYXRlIjo2MDAwMDAwMDAwMDB9LCJzY2hlbWFfdmVyc2lvbiI6IjEifQ==",
          "dependencies": [
            "data.http.argocd_install",
            "kubernetes_namespace.argocd"
          ]
        }
      ]
    },
    {
      "mode": "managed",
      "type": "kubernetes_namespace",
      "name": "monitoring",
      "provider": "provider[\"registry.terraform.io/hashicorp/kubernetes\"]",
      "instances": [
        {
          "index_key": 0,
          "schema_version": 0,
          "attributes": {
            "id": "monitoring",
            "metadata": [
              {
                "annotations": {},
                "generate_name": "",
                "generation": 0,
                "labels": {
                  "environment": "dev",
                  "managed-by": "terraform",
                  "name": "monitoring",
                  "project": "devops-platform"
                },
                "name": "monitoring",
                "resource_version": "19911",
                "uid": "2374e6bd-26d0-4147-953f-150312141c66"
              }
            ],
            "timeouts": null,
            "wait_for_default_service_account": null
          },
          "sensitive_attributes": [],
          "identity_schema_version": 1,
          "identity": {
            "api_version": "v1",
            "kind": "Namespace",
            "name": "monitoring"
          },
          "private": "eyJlMmJmYjczMC1lY2FhLTExZTYtOGY4OC0zNDM2M2JjN2M0YzAiOnsiZGVsZXRlIjozMDAwMDAwMDAwMDB9LCJzY2hlbWFfdmVyc2lvbiI6IjAifQ=="
        }
      ]
    },
    {
      "mode": "managed",
      "type": "kubernetes_namespace",
      "name": "task_management",
      "provider": "provider[\"registry.terraform.io/hashicorp/kubernetes\"]",
      "instances": [
        {
          "schema_version": 0,
          "attributes": {
            "id": "task-management",
            "metadata": [
              {
                "annotations": {},
                "generate_name": "",
                "generation": 0,
                "labels": {
                  "environment": "dev",
                  "managed-by": "terraform",
                  "name": "task-management",
                  "project": "devops-platform"
                },
                "name": "task-management",
                "resource_version": "19912",
                "uid": "0b5c8da0-85a5-4794-8279-4b0305879ba6"
              }
            ],
            "timeouts": null,
            "wait_for_default_service_account": null
          },
          "sensitive_attributes": [],
          "identity_schema_version": 1,
          "identity": {
            "api_version": "v1",
            "kind": "Namespace",
            "name": "task-management"
          },
          "private": "eyJlMmJmYjczMC1lY2FhLTExZTYtOGY4OC0zNDM2M2JjN2M0YzAiOnsiZGVsZXRlIjozMDAwMDAwMDAwMDB9LCJzY2hlbWFfdmVyc2lvbiI6IjAifQ=="
        }
      ]
    },
    {
      "mode": "managed",
      "type": "random_id",
      "name": "suffix",
      "provider": "provider[\"registry.terraform.io/hashicorp/random\"]",
      "instances": [
        {
          "schema_version": 0,
          "attributes": {
            "b64_std": "aDyqFA==",
            "b64_url": "aDyqFA",
            "byte_length": 4,
            "dec": "1748806164",
            "hex": "683caa14",
            "id": "aDyqFA",
            "keepers": null,
            "prefix": null
          },
          "sensitive_attributes": [],
          "identity_schema_version": 0
        }
      ]
    }
  ],
  "check_results": null
}
