{
  "version": 4,
  "terraform_version": "1.12.2",
  "serial": 13,
  "lineage": "27cf4e80-b572-d829-7faf-dfc35d37f417",
  "outputs": {
    "app_info": {
      "value": {
        "access_command": "kubectl port-forward -n task-management svc/task-api 8080:8000",
        "docs_url": "http://localhost:8080/docs",
        "image": "torpeda808/devops-platform-app:latest",
        "namespace": "task-management",
        "replicas": 3,
        "url": "http://localhost:8080"
      },
      "type": [
        "object",
        {
          "access_command": "string",
          "docs_url": "string",
          "image": "string",
          "namespace": "string",
          "replicas": "number",
          "url": "string"
        }
      ]
    },
    "argocd_info": {
      "value": {
        "access_command": "kubectl port-forward -n argocd svc/argocd-server 8090:443",
        "namespace": "argocd",
        "password_command": "kubectl -n argocd get secret argocd-initial-admin-secret -o jsonpath='{.data.password}' | base64 -d",
        "url": "https://localhost:8090"
      },
      "type": [
        "object",
        {
          "access_command": "string",
          "namespace": "string",
          "password_command": "string",
          "url": "string"
        }
      ]
    },
    "gitops_info": {
      "value": {
        "repo_url": "https://github.com/dxczek/devops-platform-gitops.git",
        "target_revision": "main"
      },
      "type": [
        "object",
        {
          "repo_url": "string",
          "target_revision": "string"
        }
      ]
    },
    "monitoring_info": {
      "value": {
        "grafana": {
          "access_command": "kubectl port-forward -n monitoring svc/kube-prometheus-grafana 3000:80",
          "password": "admin",
          "url": "http://localhost:3000",
          "username": "admin"
        },
        "namespace": "monitoring",
        "prometheus": {
          "access_command": "kubectl port-forward -n monitoring svc/kube-prometheus-kube-prome-prometheus 9090:9090",
          "url": "http://localhost:9090"
        }
      },
      "type": [
        "object",
        {
          "grafana": [
            "object",
            {
              "access_command": "string",
              "password": "string",
              "url": "string",
              "username": "string"
            }
          ],
          "namespace": "string",
          "prometheus": [
            "object",
            {
              "access_command": "string",
              "url": "string"
            }
          ]
        }
      ]
    },
    "next_steps": {
      "value": "\n=============================================================\nDEPLOYMENT COMPLETE!\n=============================================================\n\nRun these commands to access the platform:\n\n1. Get ArgoCD password:\n   kubectl -n argocd get secret argocd-initial-admin-secret -o jsonpath='{.data.password}' | base64 -d\n\n2. Access ArgoCD UI:\n   kubectl port-forward -n argocd svc/argocd-server 8090:443\n   -\u003e Open: https://localhost:8090\n\n3. Access Grafana:\n   kubectl port-forward -n monitoring svc/kube-prometheus-grafana 3000:80\n   -\u003e Open: http://localhost:3000 (admin/admin)\n\n4. Access Application:\n   kubectl port-forward -n task-management svc/task-api 8080:8000\n   -\u003e Open: http://localhost:8080/docs\n\nOr use the start script: .\\start-platform.ps1\n=============================================================\n",
      "type": "string"
    },
    "project_info": {
      "value": {
        "environment": "dev",
        "namespaces": {
          "app": "task-management",
          "argocd": "argocd",
          "monitoring": "monitoring"
        },
        "project_name": "devops-platform"
      },
      "type": [
        "object",
        {
          "environment": "string",
          "namespaces": [
            "object",
            {
              "app": "string",
              "argocd": "string",
              "monitoring": "string"
            }
          ],
          "project_name": "string"
        }
      ]
    }
  },
  "resources": [
    {
      "mode": "managed",
      "type": "helm_release",
      "name": "kube_prometheus",
      "provider": "provider[\"registry.terraform.io/hashicorp/helm\"]",
      "instances": [
        {
          "index_key": 0,
          "schema_version": 1,
          "attributes": {
            "atomic": false,
            "chart": "kube-prometheus-stack",
            "cleanup_on_fail": false,
            "create_namespace": false,
            "dependency_update": false,
            "description": "Install complete",
            "devel": null,
            "disable_crd_hooks": false,
            "disable_openapi_validation": false,
            "disable_webhooks": false,
            "force_update": false,
            "id": "kube-prometheus",
            "keyring": null,
            "lint": false,
            "manifest": null,
            "max_history": 0,
            "metadata": [
              {
                "app_version": "v0.77.1",
                "chart": "kube-prometheus-stack",
                "first_deployed": 1780006089,
                "last_deployed": 1780007714,
                "name": "kube-prometheus",
                "namespace": "monitoring",
                "notes": "kube-prometheus-stack has been installed. Check its status by running:\n  kubectl --namespace monitoring get pods -l \"release=kube-prometheus\"\n\nVisit https://github.com/prometheus-operator/kube-prometheus for instructions on how to create \u0026 configure Alertmanager and Prometheus instances using the Operator.\n\nkube-state-metrics is a simple service that listens to the Kubernetes API server and generates metrics about the state of the objects.\nThe exposed metrics can be found here:\nhttps://github.com/kubernetes/kube-state-metrics/blob/master/docs/README.md#exposed-metrics\n\nThe metrics are exported on the HTTP endpoint /metrics on the listening port.\nIn your case, kube-prometheus-kube-state-metrics.monitoring.svc.cluster.local:8080/metrics\n\nThey are served either as plaintext or protobuf depending on the Accept header.\nThey are designed to be consumed either by Prometheus itself or by a scraper that is compatible with scraping a Prometheus client endpoint.\n\n1. Get your 'admin' user password by running:\n\n   kubectl get secret --namespace monitoring kube-prometheus-grafana -o jsonpath=\"{.data.admin-password}\" | base64 --decode ; echo\n\n\n2. The Grafana server can be accessed via port 80 on the following DNS name from within your cluster:\n\n   kube-prometheus-grafana.monitoring.svc.cluster.local\n\n   Get the Grafana URL to visit by running these commands in the same shell:\n     export NODE_PORT=$(kubectl get --namespace monitoring -o jsonpath=\"{.spec.ports[0].nodePort}\" services kube-prometheus-grafana)\n     export NODE_IP=$(kubectl get nodes --namespace monitoring -o jsonpath=\"{.items[0].status.addresses[0].address}\")\n     echo http://$NODE_IP:$NODE_PORT\n\n3. Login with the password from step 1 and the username: admin\n#################################################################################\n######   WARNING: Persistence is disabled!!! You will lose your data when   #####\n######            the Grafana pod is terminated.                            #####\n#################################################################################\n\n1. Get the application URL by running these commands:\n  export POD_NAME=$(kubectl get pods --namespace monitoring -l \"app.kubernetes.io/name=prometheus-node-exporter,app.kubernetes.io/instance=kube-prometheus\" -o jsonpath=\"{.items[0].metadata.name}\")\n  echo \"Visit http://127.0.0.1:9100 to use your application\"\n  kubectl port-forward --namespace monitoring $POD_NAME 9100",
                "revision": 2,
                "values": "{\"alertmanager\":{\"alertmanagerSpec\":{\"resources\":{\"limits\":{\"cpu\":\"100m\",\"memory\":\"128Mi\"},\"requests\":{\"cpu\":\"25m\",\"memory\":\"64Mi\"}}},\"enabled\":true,\"service\":{\"nodePort\":30093,\"type\":\"NodePort\"}},\"grafana\":{\"adminPassword\":\"admin\",\"defaultDashboardsEnabled\":true,\"enabled\":true,\"resources\":{\"limits\":{\"cpu\":\"200m\",\"memory\":\"256Mi\"},\"requests\":{\"cpu\":\"50m\",\"memory\":\"128Mi\"}},\"service\":{\"nodePort\":30030,\"type\":\"NodePort\"}},\"kubeApiServer\":{\"enabled\":true},\"kubeControllerManager\":{\"enabled\":false},\"kubeEtcd\":{\"enabled\":false},\"kubeProxy\":{\"enabled\":false},\"kubeScheduler\":{\"enabled\":false},\"kubeStateMetrics\":{\"enabled\":true},\"kubelet\":{\"enabled\":true},\"nodeExporter\":{\"enabled\":true},\"prometheus\":{\"prometheusSpec\":{\"podMonitorSelectorNilUsesHelmValues\":false,\"resources\":{\"limits\":{\"cpu\":\"500m\",\"memory\":\"1Gi\"},\"requests\":{\"cpu\":\"100m\",\"memory\":\"256Mi\"}},\"retention\":\"7d\",\"serviceMonitorSelectorNilUsesHelmValues\":false},\"service\":{\"nodePort\":30090,\"type\":\"NodePort\"}},\"prometheusOperator\":{\"resources\":{\"limits\":{\"cpu\":\"200m\",\"memory\":\"256Mi\"},\"requests\":{\"cpu\":\"50m\",\"memory\":\"128Mi\"}}}}",
                "version": "65.0.0"
              }
            ],
            "name": "kube-prometheus",
            "namespace": "monitoring",
            "pass_credentials": false,
            "postrender": [],
            "recreate_pods": false,
            "render_subchart_notes": true,
            "replace": false,
            "repository": "https://prometheus-community.github.io/helm-charts",
            "repository_ca_file": null,
            "repository_cert_file": null,
            "repository_key_file": null,
            "repository_password": null,
            "repository_username": null,
            "reset_values": false,
            "reuse_values": false,
            "set": [],
            "set_list": [],
            "set_sensitive": [],
            "skip_crds": false,
            "status": "deployed",
            "timeout": 600,
            "upgrade_install": null,
            "values": [
              "\"alertmanager\":\n  \"alertmanagerSpec\":\n    \"resources\":\n      \"limits\":\n        \"cpu\": \"100m\"\n        \"memory\": \"128Mi\"\n      \"requests\":\n        \"cpu\": \"25m\"\n        \"memory\": \"64Mi\"\n  \"enabled\": true\n  \"service\":\n    \"nodePort\": 30093\n    \"type\": \"NodePort\"\n\"grafana\":\n  \"adminPassword\": \"admin\"\n  \"defaultDashboardsEnabled\": true\n  \"enabled\": true\n  \"resources\":\n    \"limits\":\n      \"cpu\": \"200m\"\n      \"memory\": \"256Mi\"\n    \"requests\":\n      \"cpu\": \"50m\"\n      \"memory\": \"128Mi\"\n  \"service\":\n    \"nodePort\": 30030\n    \"type\": \"NodePort\"\n\"kubeApiServer\":\n  \"enabled\": true\n\"kubeControllerManager\":\n  \"enabled\": false\n\"kubeEtcd\":\n  \"enabled\": false\n\"kubeProxy\":\n  \"enabled\": false\n\"kubeScheduler\":\n  \"enabled\": false\n\"kubeStateMetrics\":\n  \"enabled\": true\n\"kubelet\":\n  \"enabled\": true\n\"nodeExporter\":\n  \"enabled\": true\n\"prometheus\":\n  \"prometheusSpec\":\n    \"podMonitorSelectorNilUsesHelmValues\": false\n    \"resources\":\n      \"limits\":\n        \"cpu\": \"500m\"\n        \"memory\": \"1Gi\"\n      \"requests\":\n        \"cpu\": \"100m\"\n        \"memory\": \"256Mi\"\n    \"retention\": \"7d\"\n    \"serviceMonitorSelectorNilUsesHelmValues\": false\n  \"service\":\n    \"nodePort\": 30090\n    \"type\": \"NodePort\"\n\"prometheusOperator\":\n  \"resources\":\n    \"limits\":\n      \"cpu\": \"200m\"\n      \"memory\": \"256Mi\"\n    \"requests\":\n      \"cpu\": \"50m\"\n      \"memory\": \"128Mi\"\n"
            ],
            "verify": false,
            "version": "65.0.0",
            "wait": true,
            "wait_for_jobs": false
          },
          "sensitive_attributes": [
            [
              {
                "type": "get_attr",
                "value": "repository_password"
              }
            ]
          ],
          "identity_schema_version": 0,
          "private": "eyJzY2hlbWFfdmVyc2lvbiI6IjEifQ==",
          "dependencies": [
            "kubernetes_namespace.monitoring"
          ]
        }
      ]
    },
    {
      "mode": "managed",
      "type": "kubectl_manifest",
      "name": "task_api_service_monitor",
      "provider": "provider[\"registry.terraform.io/gavinbunney/kubectl\"]",
      "instances": [
        {
          "index_key": 0,
          "schema_version": 1,
          "attributes": {
            "api_version": "monitoring.coreos.com/v1",
            "apply_only": false,
            "force_conflicts": false,
            "force_new": false,
            "id": "/apis/monitoring.coreos.com/v1/namespaces/monitoring/servicemonitors/task-api-monitor",
            "ignore_fields": null,
            "kind": "ServiceMonitor",
            "live_manifest_incluster": "4bc4be39570b9453c043e89295e89a621451351dc3c4fdc1d6b5508e5597a0fd",
            "live_uid": "33d54577-ba11-4b0f-ba77-560c3f0c424d",
            "name": "task-api-monitor",
            "namespace": "monitoring",
            "override_namespace": null,
            "sensitive_fields": null,
            "server_side_apply": false,
            "timeouts": null,
            "uid": "33d54577-ba11-4b0f-ba77-560c3f0c424d",
            "validate_schema": true,
            "wait": null,
            "wait_for_rollout": true,
            "yaml_body": "apiVersion: monitoring.coreos.com/v1\nkind: ServiceMonitor\nmetadata:\n  name: task-api-monitor\n  namespace: monitoring\n  labels:\n    release: kube-prometheus\n    managed-by: terraform\nspec:\n  selector:\n    matchLabels:\n      app: task-api\n  namespaceSelector:\n    matchNames:\n      - task-management\n  endpoints:\n    - port: http\n      path: /metrics\n      interval: 15s\n",
            "yaml_body_parsed": "apiVersion: monitoring.coreos.com/v1\nkind: ServiceMonitor\nmetadata:\n  labels:\n    managed-by: terraform\n    release: kube-prometheus\n  name: task-api-monitor\n  namespace: monitoring\nspec:\n  endpoints:\n  - interval: 15s\n    path: /metrics\n    port: http\n  namespaceSelector:\n    matchNames:\n    - task-management\n  selector:\n    matchLabels:\n      app: task-api\n",
            "yaml_incluster": "4bc4be39570b9453c043e89295e89a621451351dc3c4fdc1d6b5508e5597a0fd"
          },
          "sensitive_attributes": [
            [
              {
                "type": "get_attr",
                "value": "live_manifest_incluster"
              }
            ],
            [
              {
                "type": "get_attr",
                "value": "yaml_body"
              }
            ],
            [
              {
                "type": "get_attr",
                "value": "yaml_incluster"
              }
            ]
          ],
          "identity_schema_version": 0,
          "private": "eyJlMmJmYjczMC1lY2FhLTExZTYtOGY4OC0zNDM2M2JjN2M0YzAiOnsiY3JlYXRlIjo2MDAwMDAwMDAwMDB9LCJzY2hlbWFfdmVyc2lvbiI6IjEifQ==",
          "dependencies": [
            "helm_release.kube_prometheus",
            "kubernetes_namespace.monitoring"
          ]
        }
      ]
    },
    {
      "mode": "managed",
      "type": "kubernetes_namespace",
      "name": "monitoring",
      "provider": "provider[\"registry.terraform.io/hashicorp/kubernetes\"]",
      "instances": [
        {
          "index_key": 0,
          "schema_version": 0,
          "attributes": {
            "id": "monitoring",
            "metadata": [
              {
                "annotations": {},
                "generate_name": "",
                "generation": 0,
                "labels": {
                  "environment": "dev",
                  "managed-by": "terraform",
                  "name": "monitoring",
                  "project": "devops-platform"
                },
                "name": "monitoring",
                "resource_version": "19911",
                "uid": "2374e6bd-26d0-4147-953f-150312141c66"
              }
            ],
            "timeouts": null,
            "wait_for_default_service_account": null
          },
          "sensitive_attributes": [],
          "identity_schema_version": 1,
          "identity": {
            "api_version": "v1",
            "kind": "Namespace",
            "name": "monitoring"
          },
          "private": "eyJlMmJmYjczMC1lY2FhLTExZTYtOGY4OC0zNDM2M2JjN2M0YzAiOnsiZGVsZXRlIjozMDAwMDAwMDAwMDB9LCJzY2hlbWFfdmVyc2lvbiI6IjAifQ=="
        }
      ]
    },
    {
      "mode": "managed",
      "type": "kubernetes_namespace",
      "name": "task_management",
      "provider": "provider[\"registry.terraform.io/hashicorp/kubernetes\"]",
      "instances": [
        {
          "schema_version": 0,
          "attributes": {
            "id": "task-management",
            "metadata": [
              {
                "annotations": {},
                "generate_name": "",
                "generation": 0,
                "labels": {
                  "environment": "dev",
                  "managed-by": "terraform",
                  "name": "task-management",
                  "project": "devops-platform"
                },
                "name": "task-management",
                "resource_version": "19912",
                "uid": "0b5c8da0-85a5-4794-8279-4b0305879ba6"
              }
            ],
            "timeouts": null,
            "wait_for_default_service_account": null
          },
          "sensitive_attributes": [],
          "identity_schema_version": 1,
          "identity": {
            "api_version": "v1",
            "kind": "Namespace",
            "name": "task-management"
          },
          "private": "eyJlMmJmYjczMC1lY2FhLTExZTYtOGY4OC0zNDM2M2JjN2M0YzAiOnsiZGVsZXRlIjozMDAwMDAwMDAwMDB9LCJzY2hlbWFfdmVyc2lvbiI6IjAifQ=="
        }
      ]
    },
    {
      "mode": "managed",
      "type": "random_id",
      "name": "suffix",
      "provider": "provider[\"registry.terraform.io/hashicorp/random\"]",
      "instances": [
        {
          "schema_version": 0,
          "attributes": {
            "b64_std": "mXaNqQ==",
            "b64_url": "mXaNqQ",
            "byte_length": 4,
            "dec": "2574683561",
            "hex": "99768da9",
            "id": "mXaNqQ",
            "keepers": null,
            "prefix": null
          },
          "sensitive_attributes": [],
          "identity_schema_version": 0
        }
      ]
    }
  ],
  "check_results": null
}
